
Microsoft Visual Studio Solution File, Format Version 12.00
# Visual Studio Version 16
VisualStudioVersion = 16.0.31205.134
MinimumVisualStudioVersion = 10.0.40219.1
Project("{2150E333-8FDC-42A3-9474-1A3956D46DE8}") = "Domain", "Domain", "{2848C6D2-33E7-40E9-B0D8-F16EB62F0811}"
EndProject
Project("{9A19103F-16F7-4668-BE54-9A1E7A4F7556}") = "RentACar.Domain", "Domain\RentACar.Domain\RentACar.Domain.csproj", "{5F328FCF-8630-4472-B986-FC0A249D00DB}"
EndProject
Global
	GlobalSection(SolutionConfigurationPlatforms) = preSolution
		Debug|Any CPU = Debug|Any CPU
		Release|Any CPU = Release|Any CPU
	EndGlobalSection
	GlobalSection(ProjectConfigurationPlatforms) = postSolution
		{5F328FCF-8630-4472-B986-FC0A249D00DB}.Debug|Any CPU.ActiveCfg = Debug|Any CPU
		{5F328FCF-8630-4472-B986-FC0A249D00DB}.Debug|Any CPU.Build.0 = Debug|Any CPU
		{5F328FCF-8630-4472-B986-FC0A249D00DB}.Release|Any CPU.ActiveCfg = Release|Any CPU
		{5F328FCF-8630-4472-B986-FC0A249D00DB}.Release|Any CPU.Build.0 = Release|Any CPU
	EndGlobalSection
	GlobalSection(SolutionProperties) = preSolution
		HideSolutionNode = FALSE
	EndGlobalSection
	GlobalSection(NestedProjects) = preSolution
		{5F328FCF-8630-4472-B986-FC0A249D00DB} = {2848C6D2-33E7-40E9-B0D8-F16EB62F0811}
	EndGlobalSection
	GlobalSection(ExtensibilityGlobals) = postSolution
		SolutionGuid = {3D299E5A-2D15-4182-B4E2-6E3380BC6D07}
	EndGlobalSection
EndGlobal
