
Microsoft Visual Studio Solution File, Format Version 12.00
# Visual Studio Version 16
VisualStudioVersion = 16.0.31205.134
MinimumVisualStudioVersion = 10.0.40219.1
Project("{2150E333-8FDC-42A3-9474-1A3956D46DE8}") = "Domain", "Domain", "{2848C6D2-33E7-40E9-B0D8-F16EB62F0811}"
EndProject
Project("{2150E333-8FDC-42A3-9474-1A3956D46DE8}") = "Application", "Application", "{D388A5A8-9E8D-486F-904D-C72ADED57B6E}"
EndProject
Project("{2150E333-8FDC-42A3-9474-1A3956D46DE8}") = "Infrastructure", "Infrastructure", "{60F968E0-145C-41DD-9E21-9E90E3C55F03}"
EndProject
Project("{2150E333-8FDC-42A3-9474-1A3956D46DE8}") = "Presentation", "Presentation", "{A209D914-CCBB-44F4-A42B-F6A4081E9246}"
EndProject
Project("{FAE04EC0-301F-11D3-BF4B-00C04F79EFBC}") = "RentACar.Application", "Application\RentACar.Application\RentACar.Application.csproj", "{7056F51F-9678-41DC-ABEE-943AB6F2A58D}"
EndProject
Project("{FAE04EC0-301F-11D3-BF4B-00C04F79EFBC}") = "RentACar.Application.Abstractions", "Application\RentACar.Application.Abstractions\RentACar.Application.Abstractions.csproj", "{4353B4D0-5BE1-4280-9685-FBC6ED364836}"
EndProject
Project("{FAE04EC0-301F-11D3-BF4B-00C04F79EFBC}") = "RentACar.Domain", "Domain\RentACar.Domain\RentACar.Domain.csproj", "{3E30AFD1-CF40-4F45-A299-60F51AE1B45E}"
EndProject
Project("{FAE04EC0-301F-11D3-BF4B-00C04F79EFBC}") = "RentACar.MVC", "Presentation\RentACar.MVC\RentACar.MVC.csproj", "{C51D69B0-881D-468D-9F46-FF3569F80641}"
EndProject
Project("{FAE04EC0-301F-11D3-BF4B-00C04F79EFBC}") = "RentACar.Infrastructure", "Infrastructure\RentACar.Infrastructure\RentACar.Infrastructure.csproj", "{934C62C7-0F3B-4C9A-84C1-280F306E7817}"
EndProject
Project("{FAE04EC0-301F-11D3-BF4B-00C04F79EFBC}") = "RentACar.Dal", "Infrastructure\RentACar.Dal\RentACar.Dal.csproj", "{A30DE233-A5B0-4ADB-8E71-0ACF19E0299E}"
EndProject
Global
	GlobalSection(SolutionConfigurationPlatforms) = preSolution
		Debug|Any CPU = Debug|Any CPU
		Release|Any CPU = Release|Any CPU
	EndGlobalSection
	GlobalSection(ProjectConfigurationPlatforms) = postSolution
		{7056F51F-9678-41DC-ABEE-943AB6F2A58D}.Debug|Any CPU.ActiveCfg = Debug|Any CPU
		{7056F51F-9678-41DC-ABEE-943AB6F2A58D}.Debug|Any CPU.Build.0 = Debug|Any CPU
		{7056F51F-9678-41DC-ABEE-943AB6F2A58D}.Release|Any CPU.ActiveCfg = Release|Any CPU
		{7056F51F-9678-41DC-ABEE-943AB6F2A58D}.Release|Any CPU.Build.0 = Release|Any CPU
		{4353B4D0-5BE1-4280-9685-FBC6ED364836}.Debug|Any CPU.ActiveCfg = Debug|Any CPU
		{4353B4D0-5BE1-4280-9685-FBC6ED364836}.Debug|Any CPU.Build.0 = Debug|Any CPU
		{4353B4D0-5BE1-4280-9685-FBC6ED364836}.Release|Any CPU.ActiveCfg = Release|Any CPU
		{4353B4D0-5BE1-4280-9685-FBC6ED364836}.Release|Any CPU.Build.0 = Release|Any CPU
		{3E30AFD1-CF40-4F45-A299-60F51AE1B45E}.Debug|Any CPU.ActiveCfg = Debug|Any CPU
		{3E30AFD1-CF40-4F45-A299-60F51AE1B45E}.Debug|Any CPU.Build.0 = Debug|Any CPU
		{3E30AFD1-CF40-4F45-A299-60F51AE1B45E}.Release|Any CPU.ActiveCfg = Release|Any CPU
		{3E30AFD1-CF40-4F45-A299-60F51AE1B45E}.Release|Any CPU.Build.0 = Release|Any CPU
		{C51D69B0-881D-468D-9F46-FF3569F80641}.Debug|Any CPU.ActiveCfg = Debug|Any CPU
		{C51D69B0-881D-468D-9F46-FF3569F80641}.Debug|Any CPU.Build.0 = Debug|Any CPU
		{C51D69B0-881D-468D-9F46-FF3569F80641}.Release|Any CPU.ActiveCfg = Release|Any CPU
		{C51D69B0-881D-468D-9F46-FF3569F80641}.Release|Any CPU.Build.0 = Release|Any CPU
		{934C62C7-0F3B-4C9A-84C1-280F306E7817}.Debug|Any CPU.ActiveCfg = Debug|Any CPU
		{934C62C7-0F3B-4C9A-84C1-280F306E7817}.Debug|Any CPU.Build.0 = Debug|Any CPU
		{934C62C7-0F3B-4C9A-84C1-280F306E7817}.Release|Any CPU.ActiveCfg = Release|Any CPU
		{934C62C7-0F3B-4C9A-84C1-280F306E7817}.Release|Any CPU.Build.0 = Release|Any CPU
		{A30DE233-A5B0-4ADB-8E71-0ACF19E0299E}.Debug|Any CPU.ActiveCfg = Debug|Any CPU
		{A30DE233-A5B0-4ADB-8E71-0ACF19E0299E}.Debug|Any CPU.Build.0 = Debug|Any CPU
		{A30DE233-A5B0-4ADB-8E71-0ACF19E0299E}.Release|Any CPU.ActiveCfg = Release|Any CPU
		{A30DE233-A5B0-4ADB-8E71-0ACF19E0299E}.Release|Any CPU.Build.0 = Release|Any CPU
	EndGlobalSection
	GlobalSection(SolutionProperties) = preSolution
		HideSolutionNode = FALSE
	EndGlobalSection
	GlobalSection(NestedProjects) = preSolution
		{7056F51F-9678-41DC-ABEE-943AB6F2A58D} = {D388A5A8-9E8D-486F-904D-C72ADED57B6E}
		{4353B4D0-5BE1-4280-9685-FBC6ED364836} = {D388A5A8-9E8D-486F-904D-C72ADED57B6E}
		{3E30AFD1-CF40-4F45-A299-60F51AE1B45E} = {2848C6D2-33E7-40E9-B0D8-F16EB62F0811}
		{C51D69B0-881D-468D-9F46-FF3569F80641} = {A209D914-CCBB-44F4-A42B-F6A4081E9246}
		{934C62C7-0F3B-4C9A-84C1-280F306E7817} = {60F968E0-145C-41DD-9E21-9E90E3C55F03}
		{A30DE233-A5B0-4ADB-8E71-0ACF19E0299E} = {60F968E0-145C-41DD-9E21-9E90E3C55F03}
	EndGlobalSection
	GlobalSection(ExtensibilityGlobals) = postSolution
		SolutionGuid = {3D299E5A-2D15-4182-B4E2-6E3380BC6D07}
	EndGlobalSection
EndGlobal
